schema: '2.0'
stages:
  ingest:
    cmd: python3 src/ingest.py data/prepared
    deps:
    - path: src/ingest.py
      md5: bf63982170ea853c2316ff71336df5f0
      size: 674
    params:
      params.yaml:
        ingest.dcount: 3
    outs:
    - path: data/prepared
      md5: ebdb8d331d52b290e302eae41844f1a3.dir
      size: 165199604
      nfiles: 2208
  predict:
    cmd: python3 src/predict.py data/train data/predict data/store
    deps:
    - path: data/train
      md5: 9d3debedb466b94c4fb768b9513ec217.dir
      size: 511
      nfiles: 3
    - path: src/predict.py
      md5: 33c1339d40b4384f94e18142af857d0c
      size: 631
    params:
      params.yaml:
        ingest.dcount: 3
    outs:
    - path: data/predict
      md5: 9d3debedb466b94c4fb768b9513ec217.dir
      size: 511
      nfiles: 3
  transform:
    cmd: python3 src/transform.py data/augmented data/split data/transform
    deps:
    - path: data/augmented
      md5: a78e9f7aea074d65d83c653997e3801b.dir
      size: 76696097
      nfiles: 1982
    - path: data/split
      md5: 04ab9239865757791297b5ef272ae14c.dir
      size: 165199604
      nfiles: 2208
    - path: src/transform.py
      md5: f19ba16fb1158386e5b75d099f04a09f
      size: 2243
    params:
      params.yaml:
        ingest.dcount: 3
    outs:
    - path: data/transform
      md5: 33153ed40c2d4d8ac79465c3d0902327.dir
      size: 414904
      nfiles: 2
  evaluate:
    cmd: python3 src/evaluate.py data/prepared data/transformed data/predictions data/evaluated
      data/store
    deps:
    - path: data/predictions
      md5: cf841d9a3a1d0a55ebc45bbc0b1c4f28.dir
      size: 2374
      nfiles: 1
    - path: data/prepared
      md5: 71d6409b1e4cc58abcfd977601796365.dir
      size: 805019
      nfiles: 20
    - path: data/transformed
      md5: 29152de1cc3a7a1d84b4b0e8967aefa6.dir
      size: 2432
      nfiles: 1
    params:
      params.yaml:
        ingest.dcount: 3
    outs:
    - path: data/evaluated
      md5: ce16fe40159574e1c82c7436f228e3e6.dir
      size: 853125
      nfiles: 10
  augment:
    cmd: python3 src/augment.py data/split data/augmented
    deps:
    - path: data/split
      md5: 04ab9239865757791297b5ef272ae14c.dir
      size: 165199604
      nfiles: 2208
    - path: src/augment.py
      md5: dc41adac0174ec962232b4fd9185678c
      size: 4297
    params:
      params.yaml:
        ingest.dcount: 3
    outs:
    - path: data/augmented
      md5: a78e9f7aea074d65d83c653997e3801b.dir
      size: 76696097
      nfiles: 1982
  split:
    cmd: python3 src/split.py data/prepared data/split
    deps:
    - path: data/prepared
      md5: ebdb8d331d52b290e302eae41844f1a3.dir
      size: 165199604
      nfiles: 2208
    - path: src/split.py
      md5: 18381f39622c0a4ae8c9efb6af1acbdb
      size: 1659
    params:
      params.yaml:
        ingest.dcount: 3
    outs:
    - path: data/split
      md5: 04ab9239865757791297b5ef272ae14c.dir
      size: 165199604
      nfiles: 2208
  train:
    cmd: python3 src/train.py data/prepared data/transformed data/train data/predict
    deps:
    - path: data/split
      md5: d751713988987e9331980363e24189ce.dir
      size: 0
      nfiles: 0
    - path: src/infer.py
      md5: b1735ec5a83a92f1e04fd34d9e2dcc40
      size: 11159
    params:
      params.yaml:
        ingest.dcount: 3
    outs:
    - path: data/train
      md5: 9d3debedb466b94c4fb768b9513ec217.dir
      size: 511
      nfiles: 3
  infer:
    cmd: python3 src/infer.py data/prepared data/transformed data/infer data/store
    deps:
    - path: data/split
      md5: d751713988987e9331980363e24189ce.dir
      size: 0
      nfiles: 0
    - path: src/infer.py
      md5: b1735ec5a83a92f1e04fd34d9e2dcc40
      size: 11159
    params:
      params.yaml:
        ingest.dcount: 3
    outs:
    - path: data/infer
      md5: 5bd846d6665aab69c21b776206bdbf19.dir
      size: 448
      nfiles: 2
  exit:
    cmd: python3 src/exit.py data/infer data/predict data/store
    deps:
    - path: data/infer
      md5: 5bd846d6665aab69c21b776206bdbf19.dir
      size: 448
      nfiles: 2
    - path: data/predict
      md5: 9d3debedb466b94c4fb768b9513ec217.dir
      size: 511
      nfiles: 3
    - path: src/exit.py
      md5: f41b4ee9823cddf8a8457d0f0227fe86
      size: 713
    params:
      params.yaml:
        ingest.dcount: 3
    outs:
    - path: data/store
      md5: 93676d44d4d71fa21d65d8d883850040.dir
      size: 959
      nfiles: 5
