schema: '2.0'
stages:
  ingest:
    cmd: python3 src/ingest.py data/prepared
    deps:
    - path: src/ingest.py
      md5: 25401f8af778d3943c505ec6c4244525
      size: 1042
    params:
      params.yaml:
        ingest.dcount: 3
    outs:
    - path: data/prepared
      md5: abe55d8bdad6672b65112934b945e653.dir
      size: 165196292
      nfiles: 2208
  predict:
    cmd: python3 src/predict.py data/train data/transform data/predict
    deps:
    - path: data/train
      md5: bd4b00f4afe4110385740c9ae410ea25.dir
      size: 835441420
      nfiles: 10
    - path: data/transform
      md5: 7511d5c41bb4e71c3a2c74fc5f20e23c.dir
      size: 207362
      nfiles: 5
    - path: src/predict.py
      md5: d132480ae313f490769f5e48c5737ea7
      size: 12013
    params:
      params.yaml:
        ingest.dcount: 3
    outs:
    - path: data/predict
      md5: 2dc42d102ffa991537776ce1fefa1c03.dir
      size: 1299
      nfiles: 3
  transform:
    cmd: python3 src/transform.py data/augmented data/split data/transform
    deps:
    - path: data/augmented
      md5: 570a62137fd19fde16bc5d5a2f191324.dir
      size: 76403362
      nfiles: 1982
    - path: data/split
      md5: 54eb0133ea205bae31bd93ed95b82294.dir
      size: 165196292
      nfiles: 2208
    - path: src/transform.py
      md5: d81849dd91741a8f636da8d0e02ca569
      size: 4301
    params:
      params.yaml:
        ingest.dcount: 3
    outs:
    - path: data/transform
      md5: 7511d5c41bb4e71c3a2c74fc5f20e23c.dir
      size: 207362
      nfiles: 5
  evaluate:
    cmd: python3 src/evaluate.py data/prepared data/transformed data/predictions data/evaluated
      data/store
    deps:
    - path: data/predictions
      md5: cf841d9a3a1d0a55ebc45bbc0b1c4f28.dir
      size: 2374
      nfiles: 1
    - path: data/prepared
      md5: 71d6409b1e4cc58abcfd977601796365.dir
      size: 805019
      nfiles: 20
    - path: data/transformed
      md5: 29152de1cc3a7a1d84b4b0e8967aefa6.dir
      size: 2432
      nfiles: 1
    params:
      params.yaml:
        ingest.dcount: 3
    outs:
    - path: data/evaluated
      md5: ce16fe40159574e1c82c7436f228e3e6.dir
      size: 853125
      nfiles: 10
  augment:
    cmd: python3 src/augment.py data/split data/augmented
    deps:
    - path: data/split
      md5: 54eb0133ea205bae31bd93ed95b82294.dir
      size: 165196292
      nfiles: 2208
    - path: src/augment.py
      md5: 9507ee68d4b6c4601512b460425fadd0
      size: 4465
    params:
      params.yaml:
        ingest.dcount: 3
    outs:
    - path: data/augmented
      md5: 570a62137fd19fde16bc5d5a2f191324.dir
      size: 76403362
      nfiles: 1982
  split:
    cmd: python3 src/split.py data/prepared data/split
    deps:
    - path: data/prepared
      md5: abe55d8bdad6672b65112934b945e653.dir
      size: 165196292
      nfiles: 2208
    - path: src/split.py
      md5: 45bb7fafd36e062c1ab0fc4c2099efec
      size: 1873
    params:
      params.yaml:
        ingest.dcount: 3
    outs:
    - path: data/split
      md5: 54eb0133ea205bae31bd93ed95b82294.dir
      size: 165196292
      nfiles: 2208
  train:
    cmd: python3 src/train.py data/transform data/train
    deps:
    - path: data/transform
      md5: 7511d5c41bb4e71c3a2c74fc5f20e23c.dir
      size: 207362
      nfiles: 5
    - path: src/train.py
      md5: b396b586335f1ad3713adbebefe407bd
      size: 11099
    params:
      params.yaml:
        ingest.dcount: 3
    outs:
    - path: data/train
      md5: c6babbebcb96760da0c7d94b80892fcb.dir
      size: 835254152
      nfiles: 4
  infer:
    cmd: python3 src/infer.py data/transform data/infer
    deps:
    - path: data/transform
      md5: 7511d5c41bb4e71c3a2c74fc5f20e23c.dir
      size: 207362
      nfiles: 5
    - path: src/infer.py
      md5: 7242a819c4ab5fdbef8b54d0d1ae9407
      size: 12703
    params:
      params.yaml:
        ingest.dcount: 3
    outs:
    - path: data/infer
      md5: 9a801ab6cac4026083637c5f822a07f6.dir
      size: 254317
      nfiles: 9
  exit:
    cmd: python3 src/exit.py data/infer data/predict data/store
    deps:
    - path: data/infer
      md5: 5bd846d6665aab69c21b776206bdbf19.dir
      size: 448
      nfiles: 2
    - path: data/predict
      md5: 9d3debedb466b94c4fb768b9513ec217.dir
      size: 511
      nfiles: 3
    - path: src/exit.py
      md5: f41b4ee9823cddf8a8457d0f0227fe86
      size: 713
    params:
      params.yaml:
        ingest.dcount: 3
    outs:
    - path: data/store
      md5: 93676d44d4d71fa21d65d8d883850040.dir
      size: 959
      nfiles: 5
  compare:
    cmd: python3 src/compare.py data/infer data/predict data/store
    deps:
    - path: data/infer
      md5: 9a801ab6cac4026083637c5f822a07f6.dir
      size: 254317
      nfiles: 9
    - path: data/predict
      md5: 2dc42d102ffa991537776ce1fefa1c03.dir
      size: 1299
      nfiles: 3
    - path: src/compare.py
      md5: 33912595a6a06278c8bd28acb213477e
      size: 2951
    params:
      params.yaml:
        ingest.dcount: 3
    outs:
    - path: data/store
      md5: d751713988987e9331980363e24189ce.dir
      size: 0
      nfiles: 0
