schema: '2.0'
stages:
  ingest:
    cmd: python3 src/ingest.py data/prepared
    deps:
    - path: src/ingest.py
      md5: bf63982170ea853c2316ff71336df5f0
      size: 674
    params:
      params.yaml:
        ingest.dcount: 3
    outs:
    - path: data/prepared
      md5: abe55d8bdad6672b65112934b945e653.dir
      size: 165196292
      nfiles: 2208
  predict:
    cmd: python3 src/predict.py data/train data/transform data/predict
    deps:
    - path: data/train
      md5: 18aad2987b510cd4e382eab11fcb4529.dir
      size: 835372928
      nfiles: 8
    - path: data/transform
      md5: f2f5abad8481d79bcf5fdee5af5b3339.dir
      size: 659089
      nfiles: 7
    - path: src/predict.py
      md5: b23f2857a7381e7eba99a63ae711c807
      size: 8034
    params:
      params.yaml:
        ingest.dcount: 3
    outs:
    - path: data/predict
      md5: 9da31167e6da86132a1d5fcd05a9979c.dir
      size: 847
      nfiles: 2
  transform:
    cmd: python3 src/transform.py data/augmented data/split data/transform
    deps:
    - path: data/split
      md5: 54eb0133ea205bae31bd93ed95b82294.dir
      size: 165196292
      nfiles: 2208
    - path: src/transform.py
      md5: 6eb4169fedbdd18522e78333e2666dff
      size: 4134
    params:
      params.yaml:
        ingest.dcount: 3
    outs:
    - path: data/transform
      md5: f2f5abad8481d79bcf5fdee5af5b3339.dir
      size: 659089
      nfiles: 7
  evaluate:
    cmd: python3 src/evaluate.py data/prepared data/transformed data/predictions data/evaluated
      data/store
    deps:
    - path: data/predictions
      md5: cf841d9a3a1d0a55ebc45bbc0b1c4f28.dir
      size: 2374
      nfiles: 1
    - path: data/prepared
      md5: 71d6409b1e4cc58abcfd977601796365.dir
      size: 805019
      nfiles: 20
    - path: data/transformed
      md5: 29152de1cc3a7a1d84b4b0e8967aefa6.dir
      size: 2432
      nfiles: 1
    params:
      params.yaml:
        ingest.dcount: 3
    outs:
    - path: data/evaluated
      md5: ce16fe40159574e1c82c7436f228e3e6.dir
      size: 853125
      nfiles: 10
  augment:
    cmd: python3 src/augment.py data/split data/augmented
    deps:
    - path: data/split
      md5: 04ab9239865757791297b5ef272ae14c.dir
      size: 165199604
      nfiles: 2208
    - path: src/augment.py
      md5: dc41adac0174ec962232b4fd9185678c
      size: 4297
    params:
      params.yaml:
        ingest.dcount: 3
    outs:
    - path: data/augmented
      md5: a78e9f7aea074d65d83c653997e3801b.dir
      size: 76696097
      nfiles: 1982
  split:
    cmd: python3 src/split.py data/prepared data/split
    deps:
    - path: data/prepared
      md5: abe55d8bdad6672b65112934b945e653.dir
      size: 165196292
      nfiles: 2208
    - path: src/split.py
      md5: 18381f39622c0a4ae8c9efb6af1acbdb
      size: 1659
    params:
      params.yaml:
        ingest.dcount: 3
    outs:
    - path: data/split
      md5: 54eb0133ea205bae31bd93ed95b82294.dir
      size: 165196292
      nfiles: 2208
  train:
    cmd: python3 src/train.py data/transform data/train
    deps:
    - path: data/transform
      md5: f2f5abad8481d79bcf5fdee5af5b3339.dir
      size: 659089
      nfiles: 7
    - path: src/train.py
      md5: 419dc95cd060af9b05dc903a920d65e7
      size: 9420
    params:
      params.yaml:
        ingest.dcount: 3
    outs:
    - path: data/train
      md5: ca84318f6757ab4652ddcc4870b04855.dir
      size: 835254188
      nfiles: 4
  infer:
    cmd: python3 src/infer.py data/transform data/infer
    deps:
    - path: data/transform
      md5: f2f5abad8481d79bcf5fdee5af5b3339.dir
      size: 659089
      nfiles: 7
    - path: src/infer.py
      md5: 5b77d4f31d4e91bcb4667a07e5cf6cc3
      size: 8760
    params:
      params.yaml:
        ingest.dcount: 3
    outs:
    - path: data/infer
      md5: 3e7b3e006bae470b5f477139f4cb829b.dir
      size: 168224
      nfiles: 6
  exit:
    cmd: python3 src/exit.py data/infer data/predict data/store
    deps:
    - path: data/infer
      md5: 5bd846d6665aab69c21b776206bdbf19.dir
      size: 448
      nfiles: 2
    - path: data/predict
      md5: 9d3debedb466b94c4fb768b9513ec217.dir
      size: 511
      nfiles: 3
    - path: src/exit.py
      md5: f41b4ee9823cddf8a8457d0f0227fe86
      size: 713
    params:
      params.yaml:
        ingest.dcount: 3
    outs:
    - path: data/store
      md5: 93676d44d4d71fa21d65d8d883850040.dir
      size: 959
      nfiles: 5
  compare:
    cmd: python3 src/compare.py data/infer data/predict data/store
    deps:
    - path: data/infer
      md5: 3e7b3e006bae470b5f477139f4cb829b.dir
      size: 168224
      nfiles: 6
    - path: data/predict
      md5: 9da31167e6da86132a1d5fcd05a9979c.dir
      size: 847
      nfiles: 2
    - path: src/compare.py
      md5: 2026903f89c7dce37f0ae38970564174
      size: 1952
    params:
      params.yaml:
        ingest.dcount: 3
    outs:
    - path: data/store
      md5: d751713988987e9331980363e24189ce.dir
      size: 0
      nfiles: 0
